hash: 0f613f0db12b08730f998022b976e8beaec6a78943f28b6af6975735514f4059
updated: 2017-12-19T23:05:23.425636925+01:00
imports:
- name: github.com/buger/goterm
  version: ef0fa5b75d0fa2b31323463783a6e90353771116
- name: github.com/fatih/color
  version: 5df930a27be2502f99b292b7cc09ebad4d0891f4
- name: github.com/hokaccha/go-prettyjson
  version: e6b9231a2b1cc5798b336fdbf99c16cd8ad1e0c9
- name: github.com/inconshreveable/mousetrap
  version: 76626ae9c91c4f2a10f34cad8ce83ea42c93bb75
- name: github.com/mattn/go-colorable
  version: 5411d3eea5978e6cdc258b30de592b60df6aba96
  repo: https://github.com/mattn/go-colorable
- name: github.com/mattn/go-isatty
  version: 57fdcb988a5c543893cc61bce354a6e24ab70022
  repo: https://github.com/mattn/go-isatty
- name: github.com/spf13/cobra
  version: ccaecb155a2177302cb56cae929251a256d0f646
- name: github.com/spf13/pflag
  version: 4c012f6dcd9546820e378d0bdda4d8fc772cdfea
- name: golang.org/x/net
  version: d866cfc389cec985d6fda2859936a575a55a3ab6
  subpackages:
  - bpf
  - icmp
  - internal/iana
  - internal/socket
  - ipv4
  - ipv6
- name: golang.org/x/sys
  version: e24f485414aeafb646f6fca458b0bf869c0880a1
  repo: https://go.googlesource.com/sys
  subpackages:
  - unix
testImports: []
